
Microsoft Visual Studio Solution File, Format Version 12.00
# Visual Studio Version 16
VisualStudioVersion = 16.0.29418.71
MinimumVisualStudioVersion = 10.0.40219.1
Project("{FAE04EC0-301F-11D3-BF4B-00C04F79EFBC}") = "InformationManagementSystem", "InformationManagementSystem.csproj", "{1A5CDAAE-E2C0-4719-916F-030495C8F542}"
EndProject
Project("{FAE04EC0-301F-11D3-BF4B-00C04F79EFBC}") = "InformationManagementMVC", "..\InformationManagementMVC\InformationManagementMVC.csproj", "{76B522EC-094F-4A8B-8ED9-DBBD84FE6B34}"
EndProject
Global
	GlobalSection(SolutionConfigurationPlatforms) = preSolution
		Debug|Any CPU = Debug|Any CPU
		Release|Any CPU = Release|Any CPU
	EndGlobalSection
	GlobalSection(ProjectConfigurationPlatforms) = postSolution
		{1A5CDAAE-E2C0-4719-916F-030495C8F542}.Debug|Any CPU.ActiveCfg = Debug|Any CPU
		{1A5CDAAE-E2C0-4719-916F-030495C8F542}.Debug|Any CPU.Build.0 = Debug|Any CPU
		{1A5CDAAE-E2C0-4719-916F-030495C8F542}.Release|Any CPU.ActiveCfg = Release|Any CPU
		{1A5CDAAE-E2C0-4719-916F-030495C8F542}.Release|Any CPU.Build.0 = Release|Any CPU
		{76B522EC-094F-4A8B-8ED9-DBBD84FE6B34}.Debug|Any CPU.ActiveCfg = Debug|Any CPU
		{76B522EC-094F-4A8B-8ED9-DBBD84FE6B34}.Debug|Any CPU.Build.0 = Debug|Any CPU
		{76B522EC-094F-4A8B-8ED9-DBBD84FE6B34}.Release|Any CPU.ActiveCfg = Release|Any CPU
		{76B522EC-094F-4A8B-8ED9-DBBD84FE6B34}.Release|Any CPU.Build.0 = Release|Any CPU
	EndGlobalSection
	GlobalSection(SolutionProperties) = preSolution
		HideSolutionNode = FALSE
	EndGlobalSection
	GlobalSection(ExtensibilityGlobals) = postSolution
		SolutionGuid = {73D138BB-2B7F-43B8-81D0-CF6695D4C307}
	EndGlobalSection
EndGlobal
